// !$*UTF8*$!
{
	archiveVersion = 1;
	classes = {
	};
	objectVersion = 55;
	objects = {

/* Begin PBXBuildFile section */
		E104939C281E54ED00632F31 /* ParticleFX.swift in Sources */ = {isa = PBXBuildFile; fileRef = E104939B281E54ED00632F31 /* ParticleFX.swift */; };
		E104939D281E54ED00632F31 /* ParticleFX.swift in Sources */ = {isa = PBXBuildFile; fileRef = E104939B281E54ED00632F31 /* ParticleFX.swift */; };
		E104939F281E609900632F31 /* dog_flip.json in Resources */ = {isa = PBXBuildFile; fileRef = E104939E281E609800632F31 /* dog_flip.json */; };
		E10493A0281E609900632F31 /* dog_flip.json in Resources */ = {isa = PBXBuildFile; fileRef = E104939E281E609800632F31 /* dog_flip.json */; };
		E10493A2281E60A900632F31 /* dog_happy.json in Resources */ = {isa = PBXBuildFile; fileRef = E10493A1281E60A900632F31 /* dog_happy.json */; };
		E10493A3281E60A900632F31 /* dog_happy.json in Resources */ = {isa = PBXBuildFile; fileRef = E10493A1281E60A900632F31 /* dog_happy.json */; };
		E13BB617281E661E00DC527C /* img_8.png in Resources */ = {isa = PBXBuildFile; fileRef = E13BB60A281E661D00DC527C /* img_8.png */; };
		E13BB618281E661E00DC527C /* img_8.png in Resources */ = {isa = PBXBuildFile; fileRef = E13BB60A281E661D00DC527C /* img_8.png */; };
		E13BB619281E661E00DC527C /* img_5.png in Resources */ = {isa = PBXBuildFile; fileRef = E13BB60B281E661D00DC527C /* img_5.png */; };
		E13BB61A281E661E00DC527C /* img_5.png in Resources */ = {isa = PBXBuildFile; fileRef = E13BB60B281E661D00DC527C /* img_5.png */; };
		E13BB61B281E661E00DC527C /* img_1.png in Resources */ = {isa = PBXBuildFile; fileRef = E13BB60C281E661D00DC527C /* img_1.png */; };
		E13BB61C281E661E00DC527C /* img_1.png in Resources */ = {isa = PBXBuildFile; fileRef = E13BB60C281E661D00DC527C /* img_1.png */; };
		E13BB61D281E661E00DC527C /* img_4.png in Resources */ = {isa = PBXBuildFile; fileRef = E13BB60D281E661D00DC527C /* img_4.png */; };
		E13BB61E281E661E00DC527C /* img_4.png in Resources */ = {isa = PBXBuildFile; fileRef = E13BB60D281E661D00DC527C /* img_4.png */; };
		E13BB61F281E661E00DC527C /* img_6.png in Resources */ = {isa = PBXBuildFile; fileRef = E13BB60E281E661D00DC527C /* img_6.png */; };
		E13BB620281E661E00DC527C /* img_6.png in Resources */ = {isa = PBXBuildFile; fileRef = E13BB60E281E661D00DC527C /* img_6.png */; };
		E13BB621281E661E00DC527C /* img_11.png in Resources */ = {isa = PBXBuildFile; fileRef = E13BB60F281E661D00DC527C /* img_11.png */; };
		E13BB622281E661E00DC527C /* img_11.png in Resources */ = {isa = PBXBuildFile; fileRef = E13BB60F281E661D00DC527C /* img_11.png */; };
		E13BB623281E661E00DC527C /* img_10.png in Resources */ = {isa = PBXBuildFile; fileRef = E13BB610281E661D00DC527C /* img_10.png */; };
		E13BB624281E661E00DC527C /* img_10.png in Resources */ = {isa = PBXBuildFile; fileRef = E13BB610281E661D00DC527C /* img_10.png */; };
		E13BB625281E661E00DC527C /* img_7.png in Resources */ = {isa = PBXBuildFile; fileRef = E13BB611281E661D00DC527C /* img_7.png */; };
		E13BB626281E661E00DC527C /* img_7.png in Resources */ = {isa = PBXBuildFile; fileRef = E13BB611281E661D00DC527C /* img_7.png */; };
		E13BB627281E661E00DC527C /* img_0.png in Resources */ = {isa = PBXBuildFile; fileRef = E13BB612281E661D00DC527C /* img_0.png */; };
		E13BB628281E661E00DC527C /* img_0.png in Resources */ = {isa = PBXBuildFile; fileRef = E13BB612281E661D00DC527C /* img_0.png */; };
		E13BB629281E661E00DC527C /* img_9.png in Resources */ = {isa = PBXBuildFile; fileRef = E13BB613281E661D00DC527C /* img_9.png */; };
		E13BB62A281E661E00DC527C /* img_9.png in Resources */ = {isa = PBXBuildFile; fileRef = E13BB613281E661D00DC527C /* img_9.png */; };
		E13BB62B281E661E00DC527C /* img_3.png in Resources */ = {isa = PBXBuildFile; fileRef = E13BB614281E661E00DC527C /* img_3.png */; };
		E13BB62C281E661E00DC527C /* img_3.png in Resources */ = {isa = PBXBuildFile; fileRef = E13BB614281E661E00DC527C /* img_3.png */; };
		E13BB62D281E661E00DC527C /* img_2.png in Resources */ = {isa = PBXBuildFile; fileRef = E13BB615281E661E00DC527C /* img_2.png */; };
		E13BB62E281E661E00DC527C /* img_2.png in Resources */ = {isa = PBXBuildFile; fileRef = E13BB615281E661E00DC527C /* img_2.png */; };
		E13BB62F281E661E00DC527C /* img_12.png in Resources */ = {isa = PBXBuildFile; fileRef = E13BB616281E661E00DC527C /* img_12.png */; };
		E13BB630281E661E00DC527C /* img_12.png in Resources */ = {isa = PBXBuildFile; fileRef = E13BB616281E661E00DC527C /* img_12.png */; };
		E15415E8281E2A680014D797 /* CloudKit.framework in Frameworks */ = {isa = PBXBuildFile; fileRef = E15415E7281E2A680014D797 /* CloudKit.framework */; };
		E15415EA281E2AA30014D797 /* Extensions.swift in Sources */ = {isa = PBXBuildFile; fileRef = E15415E9281E2AA30014D797 /* Extensions.swift */; };
		E15415EB281E2AA30014D797 /* Extensions.swift in Sources */ = {isa = PBXBuildFile; fileRef = E15415E9281E2AA30014D797 /* Extensions.swift */; };
		E19E8792281DD139000D5285 /* CheerioApp.swift in Sources */ = {isa = PBXBuildFile; fileRef = E19E8781281DD137000D5285 /* CheerioApp.swift */; };
		E19E8795281DD139000D5285 /* Assets.xcassets in Resources */ = {isa = PBXBuildFile; fileRef = E19E8783281DD139000D5285 /* Assets.xcassets */; };
		E19E8796281DD139000D5285 /* Assets.xcassets in Resources */ = {isa = PBXBuildFile; fileRef = E19E8783281DD139000D5285 /* Assets.xcassets */; };
		E19E87F9281DE45F000D5285 /* TaskListView.swift in Sources */ = {isa = PBXBuildFile; fileRef = E19E87F5281DE45F000D5285 /* TaskListView.swift */; };
		E19E8802281DE46E000D5285 /* TaskListViewModel.swift in Sources */ = {isa = PBXBuildFile; fileRef = E19E87FC281DE46E000D5285 /* TaskListViewModel.swift */; };
		E19E8803281DE46E000D5285 /* TaskCellViewModel.swift in Sources */ = {isa = PBXBuildFile; fileRef = E19E87FD281DE46E000D5285 /* TaskCellViewModel.swift */; };
		E19E8804281DE46E000D5285 /* TaskModel.swift in Sources */ = {isa = PBXBuildFile; fileRef = E19E87FF281DE46E000D5285 /* TaskModel.swift */; };
		E19E8805281DE46E000D5285 /* TaskListView.swift in Sources */ = {isa = PBXBuildFile; fileRef = E19E8801281DE46E000D5285 /* TaskListView.swift */; };
		E19E8807281DE49B000D5285 /* ContentView.swift in Sources */ = {isa = PBXBuildFile; fileRef = E19E8806281DE49B000D5285 /* ContentView.swift */; };
		E19E8809281DE584000D5285 /* LottieView.swift in Sources */ = {isa = PBXBuildFile; fileRef = E19E8808281DE584000D5285 /* LottieView.swift */; };
		E19E880C281DE5A1000D5285 /* Lottie in Frameworks */ = {isa = PBXBuildFile; productRef = E19E880B281DE5A1000D5285 /* Lottie */; };
		E19E881C281DE5EC000D5285 /* Head_dog.ai in Resources */ = {isa = PBXBuildFile; fileRef = E19E880F281DE5EC000D5285 /* Head_dog.ai */; };
		E19E881D281DE5EC000D5285 /* Head_dog.ai in Resources */ = {isa = PBXBuildFile; fileRef = E19E880F281DE5EC000D5285 /* Head_dog.ai */; };
		E19E881E281DE5EC000D5285 /* EarL_dog.ai in Resources */ = {isa = PBXBuildFile; fileRef = E19E8810281DE5EC000D5285 /* EarL_dog.ai */; };
		E19E881F281DE5EC000D5285 /* EarL_dog.ai in Resources */ = {isa = PBXBuildFile; fileRef = E19E8810281DE5EC000D5285 /* EarL_dog.ai */; };
		E19E8820281DE5EC000D5285 /* Tail_dog.ai in Resources */ = {isa = PBXBuildFile; fileRef = E19E8811281DE5EC000D5285 /* Tail_dog.ai */; };
		E19E8821281DE5EC000D5285 /* Tail_dog.ai in Resources */ = {isa = PBXBuildFile; fileRef = E19E8811281DE5EC000D5285 /* Tail_dog.ai */; };
		E19E8822281DE5EC000D5285 /* EyeL_dog.ai in Resources */ = {isa = PBXBuildFile; fileRef = E19E8812281DE5EC000D5285 /* EyeL_dog.ai */; };
		E19E8823281DE5EC000D5285 /* EyeL_dog.ai in Resources */ = {isa = PBXBuildFile; fileRef = E19E8812281DE5EC000D5285 /* EyeL_dog.ai */; };
		E19E8824281DE5EC000D5285 /* Mouth_dog.ai in Resources */ = {isa = PBXBuildFile; fileRef = E19E8813281DE5EC000D5285 /* Mouth_dog.ai */; };
		E19E8825281DE5EC000D5285 /* Mouth_dog.ai in Resources */ = {isa = PBXBuildFile; fileRef = E19E8813281DE5EC000D5285 /* Mouth_dog.ai */; };
		E19E8826281DE5EC000D5285 /* EarR_dog.ai in Resources */ = {isa = PBXBuildFile; fileRef = E19E8814281DE5EC000D5285 /* EarR_dog.ai */; };
		E19E8827281DE5EC000D5285 /* EarR_dog.ai in Resources */ = {isa = PBXBuildFile; fileRef = E19E8814281DE5EC000D5285 /* EarR_dog.ai */; };
		E19E8828281DE5EC000D5285 /* Body_dog.ai in Resources */ = {isa = PBXBuildFile; fileRef = E19E8815281DE5EC000D5285 /* Body_dog.ai */; };
		E19E8829281DE5EC000D5285 /* Body_dog.ai in Resources */ = {isa = PBXBuildFile; fileRef = E19E8815281DE5EC000D5285 /* Body_dog.ai */; };
		E19E882A281DE5EC000D5285 /* EyeR_dog.ai in Resources */ = {isa = PBXBuildFile; fileRef = E19E8816281DE5EC000D5285 /* EyeR_dog.ai */; };
		E19E882B281DE5EC000D5285 /* EyeR_dog.ai in Resources */ = {isa = PBXBuildFile; fileRef = E19E8816281DE5EC000D5285 /* EyeR_dog.ai */; };
		E19E882C281DE5EC000D5285 /* LegL_dog.ai in Resources */ = {isa = PBXBuildFile; fileRef = E19E8817281DE5EC000D5285 /* LegL_dog.ai */; };
		E19E882D281DE5EC000D5285 /* LegL_dog.ai in Resources */ = {isa = PBXBuildFile; fileRef = E19E8817281DE5EC000D5285 /* LegL_dog.ai */; };
		E19E882E281DE5EC000D5285 /* PawR_dog.ai in Resources */ = {isa = PBXBuildFile; fileRef = E19E8818281DE5EC000D5285 /* PawR_dog.ai */; };
		E19E882F281DE5EC000D5285 /* PawR_dog.ai in Resources */ = {isa = PBXBuildFile; fileRef = E19E8818281DE5EC000D5285 /* PawR_dog.ai */; };
		E19E8830281DE5EC000D5285 /* Fluff_dog.ai in Resources */ = {isa = PBXBuildFile; fileRef = E19E8819281DE5EC000D5285 /* Fluff_dog.ai */; };
		E19E8831281DE5EC000D5285 /* Fluff_dog.ai in Resources */ = {isa = PBXBuildFile; fileRef = E19E8819281DE5EC000D5285 /* Fluff_dog.ai */; };
		E19E8832281DE5EC000D5285 /* PawL_dog.ai in Resources */ = {isa = PBXBuildFile; fileRef = E19E881A281DE5EC000D5285 /* PawL_dog.ai */; };
		E19E8833281DE5EC000D5285 /* PawL_dog.ai in Resources */ = {isa = PBXBuildFile; fileRef = E19E881A281DE5EC000D5285 /* PawL_dog.ai */; };
		E19E8834281DE5EC000D5285 /* dog_idle.json in Resources */ = {isa = PBXBuildFile; fileRef = E19E881B281DE5EC000D5285 /* dog_idle.json */; };
		E19E8835281DE5EC000D5285 /* dog_idle.json in Resources */ = {isa = PBXBuildFile; fileRef = E19E881B281DE5EC000D5285 /* dog_idle.json */; };
		E19E886C281DE7B2000D5285 /* Lottie in Frameworks */ = {isa = PBXBuildFile; productRef = E19E886B281DE7B2000D5285 /* Lottie */; };
		E19E887E281DE80D000D5285 /* dog_eating.json in Resources */ = {isa = PBXBuildFile; fileRef = E19E886E281DE80D000D5285 /* dog_eating.json */; };
		E19E887F281DE80D000D5285 /* dog_eating.json in Resources */ = {isa = PBXBuildFile; fileRef = E19E886E281DE80D000D5285 /* dog_eating.json */; };
		E19E8896281DE80D000D5285 /* Cheerio_dog.ai in Resources */ = {isa = PBXBuildFile; fileRef = E19E887B281DE80D000D5285 /* Cheerio_dog.ai */; };
		E19E8897281DE80D000D5285 /* Cheerio_dog.ai in Resources */ = {isa = PBXBuildFile; fileRef = E19E887B281DE80D000D5285 /* Cheerio_dog.ai */; };
		E19E889D281DE873000D5285 /* Tounge_dog.ai in Resources */ = {isa = PBXBuildFile; fileRef = E19E889C281DE873000D5285 /* Tounge_dog.ai */; };
		E19E889E281DE873000D5285 /* Tounge_dog.ai in Resources */ = {isa = PBXBuildFile; fileRef = E19E889C281DE873000D5285 /* Tounge_dog.ai */; };
		E19E88A2281DE8E2000D5285 /* LottieView.swift in Sources */ = {isa = PBXBuildFile; fileRef = E19E88A1281DE8E2000D5285 /* LottieView.swift */; };
		E1CD8201281DEA15005EE084 /* CheerioApp.swift in Sources */ = {isa = PBXBuildFile; fileRef = E1CD8200281DEA15005EE084 /* CheerioApp.swift */; };
		E1CD8203281DEA35005EE084 /* ContentView.swift in Sources */ = {isa = PBXBuildFile; fileRef = E1CD8202281DEA35005EE084 /* ContentView.swift */; };
		E1CD8206281DEA65005EE084 /* CloudKit.framework in Frameworks */ = {isa = PBXBuildFile; fileRef = E1CD8205281DEA65005EE084 /* CloudKit.framework */; };
		E1CD8207281E0503005EE084 /* TaskListViewModel.swift in Sources */ = {isa = PBXBuildFile; fileRef = E19E87FC281DE46E000D5285 /* TaskListViewModel.swift */; };
		E1CD8208281E050B005EE084 /* TaskCellViewModel.swift in Sources */ = {isa = PBXBuildFile; fileRef = E19E87FD281DE46E000D5285 /* TaskCellViewModel.swift */; };
		E1CD8209281E050F005EE084 /* TaskModel.swift in Sources */ = {isa = PBXBuildFile; fileRef = E19E87FF281DE46E000D5285 /* TaskModel.swift */; };
/* End PBXBuildFile section */

/* Begin PBXFileReference section */
		E104939B281E54ED00632F31 /* ParticleFX.swift */ = {isa = PBXFileReference; lastKnownFileType = sourcecode.swift; path = ParticleFX.swift; sourceTree = "<group>"; };
		E104939E281E609800632F31 /* dog_flip.json */ = {isa = PBXFileReference; fileEncoding = 4; lastKnownFileType = text.json; path = dog_flip.json; sourceTree = "<group>"; };
		E10493A1281E60A900632F31 /* dog_happy.json */ = {isa = PBXFileReference; fileEncoding = 4; lastKnownFileType = text.json; path = dog_happy.json; sourceTree = "<group>"; };
		E13BB60A281E661D00DC527C /* img_8.png */ = {isa = PBXFileReference; lastKnownFileType = image.png; path = img_8.png; sourceTree = "<group>"; };
		E13BB60B281E661D00DC527C /* img_5.png */ = {isa = PBXFileReference; lastKnownFileType = image.png; path = img_5.png; sourceTree = "<group>"; };
		E13BB60C281E661D00DC527C /* img_1.png */ = {isa = PBXFileReference; lastKnownFileType = image.png; path = img_1.png; sourceTree = "<group>"; };
		E13BB60D281E661D00DC527C /* img_4.png */ = {isa = PBXFileReference; lastKnownFileType = image.png; path = img_4.png; sourceTree = "<group>"; };
		E13BB60E281E661D00DC527C /* img_6.png */ = {isa = PBXFileReference; lastKnownFileType = image.png; path = img_6.png; sourceTree = "<group>"; };
		E13BB60F281E661D00DC527C /* img_11.png */ = {isa = PBXFileReference; lastKnownFileType = image.png; path = img_11.png; sourceTree = "<group>"; };
		E13BB610281E661D00DC527C /* img_10.png */ = {isa = PBXFileReference; lastKnownFileType = image.png; path = img_10.png; sourceTree = "<group>"; };
		E13BB611281E661D00DC527C /* img_7.png */ = {isa = PBXFileReference; lastKnownFileType = image.png; path = img_7.png; sourceTree = "<group>"; };
		E13BB612281E661D00DC527C /* img_0.png */ = {isa = PBXFileReference; lastKnownFileType = image.png; path = img_0.png; sourceTree = "<group>"; };
		E13BB613281E661D00DC527C /* img_9.png */ = {isa = PBXFileReference; lastKnownFileType = image.png; path = img_9.png; sourceTree = "<group>"; };
		E13BB614281E661E00DC527C /* img_3.png */ = {isa = PBXFileReference; lastKnownFileType = image.png; path = img_3.png; sourceTree = "<group>"; };
		E13BB615281E661E00DC527C /* img_2.png */ = {isa = PBXFileReference; lastKnownFileType = image.png; path = img_2.png; sourceTree = "<group>"; };
		E13BB616281E661E00DC527C /* img_12.png */ = {isa = PBXFileReference; lastKnownFileType = image.png; path = img_12.png; sourceTree = "<group>"; };
		E15415E6281E2A640014D797 /* Cheerio (iOS).entitlements */ = {isa = PBXFileReference; lastKnownFileType = text.plist.entitlements; path = "Cheerio (iOS).entitlements"; sourceTree = "<group>"; };
		E15415E7281E2A680014D797 /* CloudKit.framework */ = {isa = PBXFileReference; lastKnownFileType = wrapper.framework; name = CloudKit.framework; path = Platforms/iPhoneOS.platform/Developer/SDKs/iPhoneOS15.4.sdk/System/Library/Frameworks/CloudKit.framework; sourceTree = DEVELOPER_DIR; };
		E15415E9281E2AA30014D797 /* Extensions.swift */ = {isa = PBXFileReference; lastKnownFileType = sourcecode.swift; path = Extensions.swift; sourceTree = "<group>"; };
		E19E8781281DD137000D5285 /* CheerioApp.swift */ = {isa = PBXFileReference; lastKnownFileType = sourcecode.swift; path = CheerioApp.swift; sourceTree = "<group>"; };
		E19E8783281DD139000D5285 /* Assets.xcassets */ = {isa = PBXFileReference; lastKnownFileType = folder.assetcatalog; path = Assets.xcassets; sourceTree = "<group>"; };
		E19E8788281DD139000D5285 /* Cheerio.app */ = {isa = PBXFileReference; explicitFileType = wrapper.application; includeInIndex = 0; path = Cheerio.app; sourceTree = BUILT_PRODUCTS_DIR; };
		E19E878E281DD139000D5285 /* Cheerio.app */ = {isa = PBXFileReference; explicitFileType = wrapper.application; includeInIndex = 0; path = Cheerio.app; sourceTree = BUILT_PRODUCTS_DIR; };
		E19E8790281DD139000D5285 /* macOS.entitlements */ = {isa = PBXFileReference; lastKnownFileType = text.plist.entitlements; path = macOS.entitlements; sourceTree = "<group>"; };
		E19E87B1281DE1AF000D5285 /* Cheerio--macOS--Info.plist */ = {isa = PBXFileReference; lastKnownFileType = text.plist.xml; path = "Cheerio--macOS--Info.plist"; sourceTree = "<group>"; };
		E19E87F5281DE45F000D5285 /* TaskListView.swift */ = {isa = PBXFileReference; fileEncoding = 4; lastKnownFileType = sourcecode.swift; path = TaskListView.swift; sourceTree = "<group>"; };
		E19E87FC281DE46E000D5285 /* TaskListViewModel.swift */ = {isa = PBXFileReference; fileEncoding = 4; lastKnownFileType = sourcecode.swift; path = TaskListViewModel.swift; sourceTree = "<group>"; };
		E19E87FD281DE46E000D5285 /* TaskCellViewModel.swift */ = {isa = PBXFileReference; fileEncoding = 4; lastKnownFileType = sourcecode.swift; path = TaskCellViewModel.swift; sourceTree = "<group>"; };
		E19E87FF281DE46E000D5285 /* TaskModel.swift */ = {isa = PBXFileReference; fileEncoding = 4; lastKnownFileType = sourcecode.swift; path = TaskModel.swift; sourceTree = "<group>"; };
		E19E8801281DE46E000D5285 /* TaskListView.swift */ = {isa = PBXFileReference; fileEncoding = 4; lastKnownFileType = sourcecode.swift; path = TaskListView.swift; sourceTree = "<group>"; };
		E19E8806281DE49B000D5285 /* ContentView.swift */ = {isa = PBXFileReference; lastKnownFileType = sourcecode.swift; path = ContentView.swift; sourceTree = "<group>"; };
		E19E8808281DE584000D5285 /* LottieView.swift */ = {isa = PBXFileReference; lastKnownFileType = sourcecode.swift; path = LottieView.swift; sourceTree = "<group>"; };
		E19E880F281DE5EC000D5285 /* Head_dog.ai */ = {isa = PBXFileReference; lastKnownFileType = file; path = Head_dog.ai; sourceTree = "<group>"; };
		E19E8810281DE5EC000D5285 /* EarL_dog.ai */ = {isa = PBXFileReference; lastKnownFileType = file; path = EarL_dog.ai; sourceTree = "<group>"; };
		E19E8811281DE5EC000D5285 /* Tail_dog.ai */ = {isa = PBXFileReference; lastKnownFileType = file; path = Tail_dog.ai; sourceTree = "<group>"; };
		E19E8812281DE5EC000D5285 /* EyeL_dog.ai */ = {isa = PBXFileReference; lastKnownFileType = file; path = EyeL_dog.ai; sourceTree = "<group>"; };
		E19E8813281DE5EC000D5285 /* Mouth_dog.ai */ = {isa = PBXFileReference; lastKnownFileType = file; path = Mouth_dog.ai; sourceTree = "<group>"; };
		E19E8814281DE5EC000D5285 /* EarR_dog.ai */ = {isa = PBXFileReference; lastKnownFileType = file; path = EarR_dog.ai; sourceTree = "<group>"; };
		E19E8815281DE5EC000D5285 /* Body_dog.ai */ = {isa = PBXFileReference; lastKnownFileType = file; path = Body_dog.ai; sourceTree = "<group>"; };
		E19E8816281DE5EC000D5285 /* EyeR_dog.ai */ = {isa = PBXFileReference; lastKnownFileType = file; path = EyeR_dog.ai; sourceTree = "<group>"; };
		E19E8817281DE5EC000D5285 /* LegL_dog.ai */ = {isa = PBXFileReference; lastKnownFileType = file; path = LegL_dog.ai; sourceTree = "<group>"; };
		E19E8818281DE5EC000D5285 /* PawR_dog.ai */ = {isa = PBXFileReference; lastKnownFileType = file; path = PawR_dog.ai; sourceTree = "<group>"; };
		E19E8819281DE5EC000D5285 /* Fluff_dog.ai */ = {isa = PBXFileReference; lastKnownFileType = file; path = Fluff_dog.ai; sourceTree = "<group>"; };
		E19E881A281DE5EC000D5285 /* PawL_dog.ai */ = {isa = PBXFileReference; lastKnownFileType = file; path = PawL_dog.ai; sourceTree = "<group>"; };
		E19E881B281DE5EC000D5285 /* dog_idle.json */ = {isa = PBXFileReference; fileEncoding = 4; lastKnownFileType = text.json; path = dog_idle.json; sourceTree = "<group>"; };
		E19E8869281DE794000D5285 /* Cheerio--iOS--Info.plist */ = {isa = PBXFileReference; lastKnownFileType = text.plist; path = "Cheerio--iOS--Info.plist"; sourceTree = "<group>"; };
		E19E886E281DE80D000D5285 /* dog_eating.json */ = {isa = PBXFileReference; fileEncoding = 4; lastKnownFileType = text.json; path = dog_eating.json; sourceTree = "<group>"; };
		E19E887B281DE80D000D5285 /* Cheerio_dog.ai */ = {isa = PBXFileReference; lastKnownFileType = file; path = Cheerio_dog.ai; sourceTree = "<group>"; };
		E19E889C281DE873000D5285 /* Tounge_dog.ai */ = {isa = PBXFileReference; lastKnownFileType = file; path = Tounge_dog.ai; sourceTree = "<group>"; };
		E19E88A1281DE8E2000D5285 /* LottieView.swift */ = {isa = PBXFileReference; lastKnownFileType = sourcecode.swift; path = LottieView.swift; sourceTree = "<group>"; };
		E1CD8200281DEA15005EE084 /* CheerioApp.swift */ = {isa = PBXFileReference; lastKnownFileType = sourcecode.swift; path = CheerioApp.swift; sourceTree = "<group>"; };
		E1CD8202281DEA35005EE084 /* ContentView.swift */ = {isa = PBXFileReference; lastKnownFileType = sourcecode.swift; path = ContentView.swift; sourceTree = "<group>"; };
		E1CD8205281DEA65005EE084 /* CloudKit.framework */ = {isa = PBXFileReference; lastKnownFileType = wrapper.framework; name = CloudKit.framework; path = System/Library/Frameworks/CloudKit.framework; sourceTree = SDKROOT; };
/* End PBXFileReference section */

/* Begin PBXFrameworksBuildPhase section */
		E19E8785281DD139000D5285 /* Frameworks */ = {
			isa = PBXFrameworksBuildPhase;
			buildActionMask = 2147483647;
			files = (
				E19E886C281DE7B2000D5285 /* Lottie in Frameworks */,
				E15415E8281E2A680014D797 /* CloudKit.framework in Frameworks */,
			);
			runOnlyForDeploymentPostprocessing = 0;
		};
		E19E878B281DD139000D5285 /* Frameworks */ = {
			isa = PBXFrameworksBuildPhase;
			buildActionMask = 2147483647;
			files = (
				E19E880C281DE5A1000D5285 /* Lottie in Frameworks */,
				E1CD8206281DEA65005EE084 /* CloudKit.framework in Frameworks */,
			);
			runOnlyForDeploymentPostprocessing = 0;
		};
/* End PBXFrameworksBuildPhase section */

/* Begin PBXGroup section */
		E19E877B281DD136000D5285 = {
			isa = PBXGroup;
			children = (
				E15415E6281E2A640014D797 /* Cheerio (iOS).entitlements */,
				E19E8869281DE794000D5285 /* Cheerio--iOS--Info.plist */,
				E19E87B1281DE1AF000D5285 /* Cheerio--macOS--Info.plist */,
				E19E8780281DD137000D5285 /* Shared */,
				E19E87B0281DE153000D5285 /* iOS */,
				E19E878F281DD139000D5285 /* macOS */,
				E19E8789281DD139000D5285 /* Products */,
				E1CD8204281DEA65005EE084 /* Frameworks */,
			);
			sourceTree = "<group>";
		};
		E19E8780281DD137000D5285 /* Shared */ = {
			isa = PBXGroup;
			children = (
				E19E87FC281DE46E000D5285 /* TaskListViewModel.swift */,
				E19E87FF281DE46E000D5285 /* TaskModel.swift */,
				E19E87FD281DE46E000D5285 /* TaskCellViewModel.swift */,
				E104939B281E54ED00632F31 /* ParticleFX.swift */,
				E19E8783281DD139000D5285 /* Assets.xcassets */,
				E19E880D281DE5EC000D5285 /* dogAnimations */,
				E15415E9281E2AA30014D797 /* Extensions.swift */,
			);
			path = Shared;
			sourceTree = "<group>";
		};
		E19E8789281DD139000D5285 /* Products */ = {
			isa = PBXGroup;
			children = (
				E19E8788281DD139000D5285 /* Cheerio.app */,
				E19E878E281DD139000D5285 /* Cheerio.app */,
			);
			name = Products;
			sourceTree = "<group>";
		};
		E19E878F281DD139000D5285 /* macOS */ = {
			isa = PBXGroup;
			children = (
				E19E88A4281DE8EC000D5285 /* Views */,
				E19E8781281DD137000D5285 /* CheerioApp.swift */,
				E19E8790281DD139000D5285 /* macOS.entitlements */,
			);
			path = macOS;
			sourceTree = "<group>";
		};
		E19E87B0281DE153000D5285 /* iOS */ = {
			isa = PBXGroup;
			children = (
				E19E88A0281DE8D3000D5285 /* Views */,
				E19E87EE281DE45F000D5285 /* Tasks */,
				E1CD8200281DEA15005EE084 /* CheerioApp.swift */,
			);
			path = iOS;
			sourceTree = "<group>";
		};
		E19E87EE281DE45F000D5285 /* Tasks */ = {
			isa = PBXGroup;
			children = (
				E19E87F4281DE45F000D5285 /* Views */,
			);
			path = Tasks;
			sourceTree = "<group>";
		};
		E19E87F4281DE45F000D5285 /* Views */ = {
			isa = PBXGroup;
			children = (
				E19E87F5281DE45F000D5285 /* TaskListView.swift */,
			);
			path = Views;
			sourceTree = "<group>";
		};
		E19E880D281DE5EC000D5285 /* dogAnimations */ = {
			isa = PBXGroup;
			children = (
				E19E880E281DE5EC000D5285 /* images */,
				E19E881B281DE5EC000D5285 /* dog_idle.json */,
				E10493A1281E60A900632F31 /* dog_happy.json */,
				E104939E281E609800632F31 /* dog_flip.json */,
				E19E886E281DE80D000D5285 /* dog_eating.json */,
			);
			path = dogAnimations;
			sourceTree = "<group>";
		};
		E19E880E281DE5EC000D5285 /* images */ = {
			isa = PBXGroup;
			children = (
				E19E880F281DE5EC000D5285 /* Head_dog.ai */,
				E19E889C281DE873000D5285 /* Tounge_dog.ai */,
				E13BB612281E661D00DC527C /* img_0.png */,
				E13BB60C281E661D00DC527C /* img_1.png */,
				E13BB615281E661E00DC527C /* img_2.png */,
				E13BB614281E661E00DC527C /* img_3.png */,
				E13BB60D281E661D00DC527C /* img_4.png */,
				E13BB60B281E661D00DC527C /* img_5.png */,
				E13BB60E281E661D00DC527C /* img_6.png */,
				E13BB611281E661D00DC527C /* img_7.png */,
				E13BB60A281E661D00DC527C /* img_8.png */,
				E13BB613281E661D00DC527C /* img_9.png */,
				E13BB610281E661D00DC527C /* img_10.png */,
				E13BB60F281E661D00DC527C /* img_11.png */,
				E13BB616281E661E00DC527C /* img_12.png */,
				E19E887B281DE80D000D5285 /* Cheerio_dog.ai */,
				E19E8810281DE5EC000D5285 /* EarL_dog.ai */,
				E19E8811281DE5EC000D5285 /* Tail_dog.ai */,
				E19E8812281DE5EC000D5285 /* EyeL_dog.ai */,
				E19E8813281DE5EC000D5285 /* Mouth_dog.ai */,
				E19E8814281DE5EC000D5285 /* EarR_dog.ai */,
				E19E8815281DE5EC000D5285 /* Body_dog.ai */,
				E19E8816281DE5EC000D5285 /* EyeR_dog.ai */,
				E19E8817281DE5EC000D5285 /* LegL_dog.ai */,
				E19E8818281DE5EC000D5285 /* PawR_dog.ai */,
				E19E8819281DE5EC000D5285 /* Fluff_dog.ai */,
				E19E881A281DE5EC000D5285 /* PawL_dog.ai */,
			);
			path = images;
			sourceTree = "<group>";
		};
		E19E88A0281DE8D3000D5285 /* Views */ = {
			isa = PBXGroup;
			children = (
				E19E88A1281DE8E2000D5285 /* LottieView.swift */,
				E1CD8202281DEA35005EE084 /* ContentView.swift */,
			);
			path = Views;
			sourceTree = "<group>";
		};
		E19E88A4281DE8EC000D5285 /* Views */ = {
			isa = PBXGroup;
			children = (
				E19E8806281DE49B000D5285 /* ContentView.swift */,
				E19E8808281DE584000D5285 /* LottieView.swift */,
				E19E8801281DE46E000D5285 /* TaskListView.swift */,
			);
			path = Views;
			sourceTree = "<group>";
		};
		E1CD8204281DEA65005EE084 /* Frameworks */ = {
			isa = PBXGroup;
			children = (
				E15415E7281E2A680014D797 /* CloudKit.framework */,
				E1CD8205281DEA65005EE084 /* CloudKit.framework */,
			);
			name = Frameworks;
			sourceTree = "<group>";
		};
/* End PBXGroup section */

/* Begin PBXNativeTarget section */
		E19E8787281DD139000D5285 /* Cheerio (iOS) */ = {
			isa = PBXNativeTarget;
			buildConfigurationList = E19E8799281DD139000D5285 /* Build configuration list for PBXNativeTarget "Cheerio (iOS)" */;
			buildPhases = (
				E19E8784281DD139000D5285 /* Sources */,
				E19E8785281DD139000D5285 /* Frameworks */,
				E19E8786281DD139000D5285 /* Resources */,
			);
			buildRules = (
			);
			dependencies = (
			);
			name = "Cheerio (iOS)";
			packageProductDependencies = (
				E19E886B281DE7B2000D5285 /* Lottie */,
			);
			productName = "Cheerio (iOS)";
			productReference = E19E8788281DD139000D5285 /* Cheerio.app */;
			productType = "com.apple.product-type.application";
		};
		E19E878D281DD139000D5285 /* Cheerio (macOS) */ = {
			isa = PBXNativeTarget;
			buildConfigurationList = E19E879C281DD139000D5285 /* Build configuration list for PBXNativeTarget "Cheerio (macOS)" */;
			buildPhases = (
				E19E878A281DD139000D5285 /* Sources */,
				E19E878B281DD139000D5285 /* Frameworks */,
				E19E878C281DD139000D5285 /* Resources */,
			);
			buildRules = (
			);
			dependencies = (
			);
			name = "Cheerio (macOS)";
			packageProductDependencies = (
				E19E880B281DE5A1000D5285 /* Lottie */,
			);
			productName = "Cheerio (macOS)";
			productReference = E19E878E281DD139000D5285 /* Cheerio.app */;
			productType = "com.apple.product-type.application";
		};
/* End PBXNativeTarget section */

/* Begin PBXProject section */
		E19E877C281DD136000D5285 /* Project object */ = {
			isa = PBXProject;
			attributes = {
				BuildIndependentTargetsInParallel = 1;
				LastSwiftUpdateCheck = 1330;
				LastUpgradeCheck = 1330;
				TargetAttributes = {
					E19E8787281DD139000D5285 = {
						CreatedOnToolsVersion = 13.3.1;
					};
					E19E878D281DD139000D5285 = {
						CreatedOnToolsVersion = 13.3.1;
					};
				};
			};
			buildConfigurationList = E19E877F281DD136000D5285 /* Build configuration list for PBXProject "Cheerio" */;
			compatibilityVersion = "Xcode 13.0";
			developmentRegion = en;
			hasScannedForEncodings = 0;
			knownRegions = (
				en,
				Base,
			);
			mainGroup = E19E877B281DD136000D5285;
			packageReferences = (
				E19E880A281DE5A1000D5285 /* XCRemoteSwiftPackageReference "lottie-ios" */,
				E19E886A281DE7B2000D5285 /* XCRemoteSwiftPackageReference "lottie-ios" */,
			);
			productRefGroup = E19E8789281DD139000D5285 /* Products */;
			projectDirPath = "";
			projectRoot = "";
			targets = (
				E19E8787281DD139000D5285 /* Cheerio (iOS) */,
				E19E878D281DD139000D5285 /* Cheerio (macOS) */,
			);
		};
/* End PBXProject section */

/* Begin PBXResourcesBuildPhase section */
		E19E8786281DD139000D5285 /* Resources */ = {
			isa = PBXResourcesBuildPhase;
			buildActionMask = 2147483647;
			files = (
				E19E8826281DE5EC000D5285 /* EarR_dog.ai in Resources */,
				E13BB61B281E661E00DC527C /* img_1.png in Resources */,
				E13BB623281E661E00DC527C /* img_10.png in Resources */,
				E13BB62D281E661E00DC527C /* img_2.png in Resources */,
				E13BB61D281E661E00DC527C /* img_4.png in Resources */,
				E19E882A281DE5EC000D5285 /* EyeR_dog.ai in Resources */,
				E13BB619281E661E00DC527C /* img_5.png in Resources */,
				E19E889D281DE873000D5285 /* Tounge_dog.ai in Resources */,
				E19E8834281DE5EC000D5285 /* dog_idle.json in Resources */,
				E13BB617281E661E00DC527C /* img_8.png in Resources */,
				E19E882E281DE5EC000D5285 /* PawR_dog.ai in Resources */,
				E19E8822281DE5EC000D5285 /* EyeL_dog.ai in Resources */,
				E19E8896281DE80D000D5285 /* Cheerio_dog.ai in Resources */,
				E19E8832281DE5EC000D5285 /* PawL_dog.ai in Resources */,
				E19E8828281DE5EC000D5285 /* Body_dog.ai in Resources */,
				E19E881C281DE5EC000D5285 /* Head_dog.ai in Resources */,
				E13BB61F281E661E00DC527C /* img_6.png in Resources */,
				E19E887E281DE80D000D5285 /* dog_eating.json in Resources */,
				E13BB625281E661E00DC527C /* img_7.png in Resources */,
				E13BB621281E661E00DC527C /* img_11.png in Resources */,
				E19E8824281DE5EC000D5285 /* Mouth_dog.ai in Resources */,
				E19E882C281DE5EC000D5285 /* LegL_dog.ai in Resources */,
				E10493A2281E60A900632F31 /* dog_happy.json in Resources */,
				E19E8830281DE5EC000D5285 /* Fluff_dog.ai in Resources */,
				E19E881E281DE5EC000D5285 /* EarL_dog.ai in Resources */,
				E13BB627281E661E00DC527C /* img_0.png in Resources */,
				E104939F281E609900632F31 /* dog_flip.json in Resources */,
				E19E8820281DE5EC000D5285 /* Tail_dog.ai in Resources */,
				E13BB62F281E661E00DC527C /* img_12.png in Resources */,
				E13BB629281E661E00DC527C /* img_9.png in Resources */,
				E19E8795281DD139000D5285 /* Assets.xcassets in Resources */,
				E13BB62B281E661E00DC527C /* img_3.png in Resources */,
			);
			runOnlyForDeploymentPostprocessing = 0;
		};
		E19E878C281DD139000D5285 /* Resources */ = {
			isa = PBXResourcesBuildPhase;
			buildActionMask = 2147483647;
			files = (
				E19E8827281DE5EC000D5285 /* EarR_dog.ai in Resources */,
				E13BB61C281E661E00DC527C /* img_1.png in Resources */,
				E13BB624281E661E00DC527C /* img_10.png in Resources */,
				E13BB62E281E661E00DC527C /* img_2.png in Resources */,
				E13BB61E281E661E00DC527C /* img_4.png in Resources */,
				E19E882B281DE5EC000D5285 /* EyeR_dog.ai in Resources */,
				E13BB61A281E661E00DC527C /* img_5.png in Resources */,
				E19E889E281DE873000D5285 /* Tounge_dog.ai in Resources */,
				E19E8835281DE5EC000D5285 /* dog_idle.json in Resources */,
				E13BB618281E661E00DC527C /* img_8.png in Resources */,
				E19E882F281DE5EC000D5285 /* PawR_dog.ai in Resources */,
				E19E8823281DE5EC000D5285 /* EyeL_dog.ai in Resources */,
				E19E8897281DE80D000D5285 /* Cheerio_dog.ai in Resources */,
				E19E8833281DE5EC000D5285 /* PawL_dog.ai in Resources */,
				E19E8829281DE5EC000D5285 /* Body_dog.ai in Resources */,
				E19E881D281DE5EC000D5285 /* Head_dog.ai in Resources */,
				E13BB620281E661E00DC527C /* img_6.png in Resources */,
				E19E887F281DE80D000D5285 /* dog_eating.json in Resources */,
				E13BB626281E661E00DC527C /* img_7.png in Resources */,
				E13BB622281E661E00DC527C /* img_11.png in Resources */,
				E19E8825281DE5EC000D5285 /* Mouth_dog.ai in Resources */,
				E19E882D281DE5EC000D5285 /* LegL_dog.ai in Resources */,
				E10493A3281E60A900632F31 /* dog_happy.json in Resources */,
				E19E8831281DE5EC000D5285 /* Fluff_dog.ai in Resources */,
				E19E881F281DE5EC000D5285 /* EarL_dog.ai in Resources */,
				E13BB628281E661E00DC527C /* img_0.png in Resources */,
				E10493A0281E609900632F31 /* dog_flip.json in Resources */,
				E19E8821281DE5EC000D5285 /* Tail_dog.ai in Resources */,
				E13BB630281E661E00DC527C /* img_12.png in Resources */,
				E13BB62A281E661E00DC527C /* img_9.png in Resources */,
				E19E8796281DD139000D5285 /* Assets.xcassets in Resources */,
				E13BB62C281E661E00DC527C /* img_3.png in Resources */,
			);
			runOnlyForDeploymentPostprocessing = 0;
		};
/* End PBXResourcesBuildPhase section */

/* Begin PBXSourcesBuildPhase section */
		E19E8784281DD139000D5285 /* Sources */ = {
			isa = PBXSourcesBuildPhase;
			buildActionMask = 2147483647;
			files = (
				E1CD8209281E050F005EE084 /* TaskModel.swift in Sources */,
				E1CD8203281DEA35005EE084 /* ContentView.swift in Sources */,
				E104939C281E54ED00632F31 /* ParticleFX.swift in Sources */,
				E19E87F9281DE45F000D5285 /* TaskListView.swift in Sources */,
				E15415EA281E2AA30014D797 /* Extensions.swift in Sources */,
				E1CD8207281E0503005EE084 /* TaskListViewModel.swift in Sources */,
				E1CD8208281E050B005EE084 /* TaskCellViewModel.swift in Sources */,
				E19E88A2281DE8E2000D5285 /* LottieView.swift in Sources */,
				E1CD8201281DEA15005EE084 /* CheerioApp.swift in Sources */,
			);
			runOnlyForDeploymentPostprocessing = 0;
		};
		E19E878A281DD139000D5285 /* Sources */ = {
			isa = PBXSourcesBuildPhase;
			buildActionMask = 2147483647;
			files = (
				E19E8803281DE46E000D5285 /* TaskCellViewModel.swift in Sources */,
				E19E8792281DD139000D5285 /* CheerioApp.swift in Sources */,
				E104939D281E54ED00632F31 /* ParticleFX.swift in Sources */,
				E19E8807281DE49B000D5285 /* ContentView.swift in Sources */,
				E15415EB281E2AA30014D797 /* Extensions.swift in Sources */,
				E19E8805281DE46E000D5285 /* TaskListView.swift in Sources */,
				E19E8809281DE584000D5285 /* LottieView.swift in Sources */,
				E19E8804281DE46E000D5285 /* TaskModel.swift in Sources */,
				E19E8802281DE46E000D5285 /* TaskListViewModel.swift in Sources */,
			);
			runOnlyForDeploymentPostprocessing = 0;
		};
/* End PBXSourcesBuildPhase section */

/* Begin XCBuildConfiguration section */
		E19E8797281DD139000D5285 /* Debug */ = {
			isa = XCBuildConfiguration;
			buildSettings = {
				ALWAYS_SEARCH_USER_PATHS = NO;
				CLANG_ANALYZER_NONNULL = YES;
				CLANG_ANALYZER_NUMBER_OBJECT_CONVERSION = YES_AGGRESSIVE;
				CLANG_CXX_LANGUAGE_STANDARD = "gnu++17";
				CLANG_ENABLE_MODULES = YES;
				CLANG_ENABLE_OBJC_ARC = YES;
				CLANG_ENABLE_OBJC_WEAK = YES;
				CLANG_WARN_BLOCK_CAPTURE_AUTORELEASING = YES;
				CLANG_WARN_BOOL_CONVERSION = YES;
				CLANG_WARN_COMMA = YES;
				CLANG_WARN_CONSTANT_CONVERSION = YES;
				CLANG_WARN_DEPRECATED_OBJC_IMPLEMENTATIONS = YES;
				CLANG_WARN_DIRECT_OBJC_ISA_USAGE = YES_ERROR;
				CLANG_WARN_DOCUMENTATION_COMMENTS = YES;
				CLANG_WARN_EMPTY_BODY = YES;
				CLANG_WARN_ENUM_CONVERSION = YES;
				CLANG_WARN_INFINITE_RECURSION = YES;
				CLANG_WARN_INT_CONVERSION = YES;
				CLANG_WARN_NON_LITERAL_NULL_CONVERSION = YES;
				CLANG_WARN_OBJC_IMPLICIT_RETAIN_SELF = YES;
				CLANG_WARN_OBJC_LITERAL_CONVERSION = YES;
				CLANG_WARN_OBJC_ROOT_CLASS = YES_ERROR;
				CLANG_WARN_QUOTED_INCLUDE_IN_FRAMEWORK_HEADER = YES;
				CLANG_WARN_RANGE_LOOP_ANALYSIS = YES;
				CLANG_WARN_STRICT_PROTOTYPES = YES;
				CLANG_WARN_SUSPICIOUS_MOVE = YES;
				CLANG_WARN_UNGUARDED_AVAILABILITY = YES_AGGRESSIVE;
				CLANG_WARN_UNREACHABLE_CODE = YES;
				CLANG_WARN__DUPLICATE_METHOD_MATCH = YES;
				COPY_PHASE_STRIP = NO;
				DEBUG_INFORMATION_FORMAT = dwarf;
				ENABLE_STRICT_OBJC_MSGSEND = YES;
				ENABLE_TESTABILITY = YES;
				GCC_C_LANGUAGE_STANDARD = gnu11;
				GCC_DYNAMIC_NO_PIC = NO;
				GCC_NO_COMMON_BLOCKS = YES;
				GCC_OPTIMIZATION_LEVEL = 0;
				GCC_PREPROCESSOR_DEFINITIONS = (
					"DEBUG=1",
					"$(inherited)",
				);
				GCC_WARN_64_TO_32_BIT_CONVERSION = YES;
				GCC_WARN_ABOUT_RETURN_TYPE = YES_ERROR;
				GCC_WARN_UNDECLARED_SELECTOR = YES;
				GCC_WARN_UNINITIALIZED_AUTOS = YES_AGGRESSIVE;
				GCC_WARN_UNUSED_FUNCTION = YES;
				GCC_WARN_UNUSED_VARIABLE = YES;
				MTL_ENABLE_DEBUG_INFO = INCLUDE_SOURCE;
				MTL_FAST_MATH = YES;
				ONLY_ACTIVE_ARCH = YES;
				SWIFT_ACTIVE_COMPILATION_CONDITIONS = DEBUG;
				SWIFT_OPTIMIZATION_LEVEL = "-Onone";
			};
			name = Debug;
		};
		E19E8798281DD139000D5285 /* Release */ = {
			isa = XCBuildConfiguration;
			buildSettings = {
				ALWAYS_SEARCH_USER_PATHS = NO;
				CLANG_ANALYZER_NONNULL = YES;
				CLANG_ANALYZER_NUMBER_OBJECT_CONVERSION = YES_AGGRESSIVE;
				CLANG_CXX_LANGUAGE_STANDARD = "gnu++17";
				CLANG_ENABLE_MODULES = YES;
				CLANG_ENABLE_OBJC_ARC = YES;
				CLANG_ENABLE_OBJC_WEAK = YES;
				CLANG_WARN_BLOCK_CAPTURE_AUTORELEASING = YES;
				CLANG_WARN_BOOL_CONVERSION = YES;
				CLANG_WARN_COMMA = YES;
				CLANG_WARN_CONSTANT_CONVERSION = YES;
				CLANG_WARN_DEPRECATED_OBJC_IMPLEMENTATIONS = YES;
				CLANG_WARN_DIRECT_OBJC_ISA_USAGE = YES_ERROR;
				CLANG_WARN_DOCUMENTATION_COMMENTS = YES;
				CLANG_WARN_EMPTY_BODY = YES;
				CLANG_WARN_ENUM_CONVERSION = YES;
				CLANG_WARN_INFINITE_RECURSION = YES;
				CLANG_WARN_INT_CONVERSION = YES;
				CLANG_WARN_NON_LITERAL_NULL_CONVERSION = YES;
				CLANG_WARN_OBJC_IMPLICIT_RETAIN_SELF = YES;
				CLANG_WARN_OBJC_LITERAL_CONVERSION = YES;
				CLANG_WARN_OBJC_ROOT_CLASS = YES_ERROR;
				CLANG_WARN_QUOTED_INCLUDE_IN_FRAMEWORK_HEADER = YES;
				CLANG_WARN_RANGE_LOOP_ANALYSIS = YES;
				CLANG_WARN_STRICT_PROTOTYPES = YES;
				CLANG_WARN_SUSPICIOUS_MOVE = YES;
				CLANG_WARN_UNGUARDED_AVAILABILITY = YES_AGGRESSIVE;
				CLANG_WARN_UNREACHABLE_CODE = YES;
				CLANG_WARN__DUPLICATE_METHOD_MATCH = YES;
				COPY_PHASE_STRIP = NO;
				DEBUG_INFORMATION_FORMAT = "dwarf-with-dsym";
				ENABLE_NS_ASSERTIONS = NO;
				ENABLE_STRICT_OBJC_MSGSEND = YES;
				GCC_C_LANGUAGE_STANDARD = gnu11;
				GCC_NO_COMMON_BLOCKS = YES;
				GCC_WARN_64_TO_32_BIT_CONVERSION = YES;
				GCC_WARN_ABOUT_RETURN_TYPE = YES_ERROR;
				GCC_WARN_UNDECLARED_SELECTOR = YES;
				GCC_WARN_UNINITIALIZED_AUTOS = YES_AGGRESSIVE;
				GCC_WARN_UNUSED_FUNCTION = YES;
				GCC_WARN_UNUSED_VARIABLE = YES;
				MTL_ENABLE_DEBUG_INFO = NO;
				MTL_FAST_MATH = YES;
				SWIFT_COMPILATION_MODE = wholemodule;
				SWIFT_OPTIMIZATION_LEVEL = "-O";
			};
			name = Release;
		};
		E19E879A281DD139000D5285 /* Debug */ = {
			isa = XCBuildConfiguration;
			buildSettings = {
				ASSETCATALOG_COMPILER_APPICON_NAME = AppIcon;
				ASSETCATALOG_COMPILER_GLOBAL_ACCENT_COLOR_NAME = AccentColor;
				CODE_SIGN_ENTITLEMENTS = "Cheerio (iOS).entitlements";
				CODE_SIGN_STYLE = Automatic;
				CURRENT_PROJECT_VERSION = 1;
				DEVELOPMENT_TEAM = 6B3Z2889MZ;
				ENABLE_PREVIEWS = YES;
				GENERATE_INFOPLIST_FILE = YES;
				INFOPLIST_FILE = "Cheerio--iOS--Info.plist";
				INFOPLIST_KEY_UIApplicationSceneManifest_Generation = YES;
				INFOPLIST_KEY_UIApplicationSupportsIndirectInputEvents = YES;
				INFOPLIST_KEY_UILaunchScreen_Generation = YES;
				INFOPLIST_KEY_UISupportedInterfaceOrientations_iPad = "UIInterfaceOrientationPortrait UIInterfaceOrientationPortraitUpsideDown UIInterfaceOrientationLandscapeLeft UIInterfaceOrientationLandscapeRight";
				INFOPLIST_KEY_UISupportedInterfaceOrientations_iPhone = "UIInterfaceOrientationPortrait UIInterfaceOrientationLandscapeLeft UIInterfaceOrientationLandscapeRight";
				IPHONEOS_DEPLOYMENT_TARGET = 15.4;
				LD_RUNPATH_SEARCH_PATHS = (
					"$(inherited)",
					"@executable_path/Frameworks",
				);
				MARKETING_VERSION = 1.0;
				PRODUCT_BUNDLE_IDENTIFIER = com.Ravinlabsdev.Cheerio;
				PRODUCT_NAME = Cheerio;
				SDKROOT = iphoneos;
				SWIFT_EMIT_LOC_STRINGS = YES;
				SWIFT_VERSION = 5.0;
				TARGETED_DEVICE_FAMILY = "1,2";
			};
			name = Debug;
		};
		E19E879B281DD139000D5285 /* Release */ = {
			isa = XCBuildConfiguration;
			buildSettings = {
				ASSETCATALOG_COMPILER_APPICON_NAME = AppIcon;
				ASSETCATALOG_COMPILER_GLOBAL_ACCENT_COLOR_NAME = AccentColor;
				CODE_SIGN_ENTITLEMENTS = "Cheerio (iOS).entitlements";
				CODE_SIGN_STYLE = Automatic;
				CURRENT_PROJECT_VERSION = 1;
				DEVELOPMENT_TEAM = 6B3Z2889MZ;
				ENABLE_PREVIEWS = YES;
				GENERATE_INFOPLIST_FILE = YES;
				INFOPLIST_FILE = "Cheerio--iOS--Info.plist";
				INFOPLIST_KEY_UIApplicationSceneManifest_Generation = YES;
				INFOPLIST_KEY_UIApplicationSupportsIndirectInputEvents = YES;
				INFOPLIST_KEY_UILaunchScreen_Generation = YES;
				INFOPLIST_KEY_UISupportedInterfaceOrientations_iPad = "UIInterfaceOrientationPortrait UIInterfaceOrientationPortraitUpsideDown UIInterfaceOrientationLandscapeLeft UIInterfaceOrientationLandscapeRight";
				INFOPLIST_KEY_UISupportedInterfaceOrientations_iPhone = "UIInterfaceOrientationPortrait UIInterfaceOrientationLandscapeLeft UIInterfaceOrientationLandscapeRight";
				IPHONEOS_DEPLOYMENT_TARGET = 15.4;
				LD_RUNPATH_SEARCH_PATHS = (
					"$(inherited)",
					"@executable_path/Frameworks",
				);
				MARKETING_VERSION = 1.0;
				PRODUCT_BUNDLE_IDENTIFIER = com.Ravinlabsdev.Cheerio;
				PRODUCT_NAME = Cheerio;
				SDKROOT = iphoneos;
				SWIFT_EMIT_LOC_STRINGS = YES;
				SWIFT_VERSION = 5.0;
				TARGETED_DEVICE_FAMILY = "1,2";
				VALIDATE_PRODUCT = YES;
			};
			name = Release;
		};
		E19E879D281DD139000D5285 /* Debug */ = {
			isa = XCBuildConfiguration;
			buildSettings = {
				ASSETCATALOG_COMPILER_APPICON_NAME = AppIcon;
				ASSETCATALOG_COMPILER_GLOBAL_ACCENT_COLOR_NAME = AccentColor;
				CODE_SIGN_ENTITLEMENTS = macOS/macOS.entitlements;
				CODE_SIGN_STYLE = Automatic;
				COMBINE_HIDPI_IMAGES = YES;
				CURRENT_PROJECT_VERSION = 1;
				DEVELOPMENT_TEAM = 6B3Z2889MZ;
				ENABLE_HARDENED_RUNTIME = YES;
				ENABLE_PREVIEWS = YES;
				GENERATE_INFOPLIST_FILE = YES;
				INFOPLIST_FILE = "Cheerio--macOS--Info.plist";
				INFOPLIST_KEY_NSHumanReadableCopyright = "";
				LD_RUNPATH_SEARCH_PATHS = (
					"$(inherited)",
					"@executable_path/../Frameworks",
				);
				MACOSX_DEPLOYMENT_TARGET = 12.3;
				MARKETING_VERSION = 1.0;
				PRODUCT_BUNDLE_IDENTIFIER = com.Ravinlabsdev.Cheerio;
				PRODUCT_NAME = Cheerio;
				SDKROOT = macosx;
				SWIFT_EMIT_LOC_STRINGS = YES;
				SWIFT_VERSION = 5.0;
			};
			name = Debug;
		};
		E19E879E281DD139000D5285 /* Release */ = {
			isa = XCBuildConfiguration;
			buildSettings = {
				ASSETCATALOG_COMPILER_APPICON_NAME = AppIcon;
				ASSETCATALOG_COMPILER_GLOBAL_ACCENT_COLOR_NAME = AccentColor;
				CODE_SIGN_ENTITLEMENTS = macOS/macOS.entitlements;
				CODE_SIGN_STYLE = Automatic;
				COMBINE_HIDPI_IMAGES = YES;
				CURRENT_PROJECT_VERSION = 1;
				DEVELOPMENT_TEAM = 6B3Z2889MZ;
				ENABLE_HARDENED_RUNTIME = YES;
				ENABLE_PREVIEWS = YES;
				GENERATE_INFOPLIST_FILE = YES;
				INFOPLIST_FILE = "Cheerio--macOS--Info.plist";
				INFOPLIST_KEY_NSHumanReadableCopyright = "";
				LD_RUNPATH_SEARCH_PATHS = (
					"$(inherited)",
					"@executable_path/../Frameworks",
				);
				MACOSX_DEPLOYMENT_TARGET = 12.3;
				MARKETING_VERSION = 1.0;
				PRODUCT_BUNDLE_IDENTIFIER = com.Ravinlabsdev.Cheerio;
				PRODUCT_NAME = Cheerio;
				SDKROOT = macosx;
				SWIFT_EMIT_LOC_STRINGS = YES;
				SWIFT_VERSION = 5.0;
			};
			name = Release;
		};
/* End XCBuildConfiguration section */

/* Begin XCConfigurationList section */
		E19E877F281DD136000D5285 /* Build configuration list for PBXProject "Cheerio" */ = {
			isa = XCConfigurationList;
			buildConfigurations = (
				E19E8797281DD139000D5285 /* Debug */,
				E19E8798281DD139000D5285 /* Release */,
			);
			defaultConfigurationIsVisible = 0;
			defaultConfigurationName = Release;
		};
		E19E8799281DD139000D5285 /* Build configuration list for PBXNativeTarget "Cheerio (iOS)" */ = {
			isa = XCConfigurationList;
			buildConfigurations = (
				E19E879A281DD139000D5285 /* Debug */,
				E19E879B281DD139000D5285 /* Release */,
			);
			defaultConfigurationIsVisible = 0;
			defaultConfigurationName = Release;
		};
		E19E879C281DD139000D5285 /* Build configuration list for PBXNativeTarget "Cheerio (macOS)" */ = {
			isa = XCConfigurationList;
			buildConfigurations = (
				E19E879D281DD139000D5285 /* Debug */,
				E19E879E281DD139000D5285 /* Release */,
			);
			defaultConfigurationIsVisible = 0;
			defaultConfigurationName = Release;
		};
/* End XCConfigurationList section */

/* Begin XCRemoteSwiftPackageReference section */
		E19E880A281DE5A1000D5285 /* XCRemoteSwiftPackageReference "lottie-ios" */ = {
			isa = XCRemoteSwiftPackageReference;
			repositoryURL = "https://github.com/airbnb/lottie-ios";
			requirement = {
				branch = master;
				kind = branch;
			};
		};
		E19E886A281DE7B2000D5285 /* XCRemoteSwiftPackageReference "lottie-ios" */ = {
			isa = XCRemoteSwiftPackageReference;
			repositoryURL = "https://github.com/airbnb/lottie-ios";
			requirement = {
				branch = master;
				kind = branch;
			};
		};
/* End XCRemoteSwiftPackageReference section */

/* Begin XCSwiftPackageProductDependency section */
		E19E880B281DE5A1000D5285 /* Lottie */ = {
			isa = XCSwiftPackageProductDependency;
			package = E19E880A281DE5A1000D5285 /* XCRemoteSwiftPackageReference "lottie-ios" */;
			productName = Lottie;
		};
		E19E886B281DE7B2000D5285 /* Lottie */ = {
			isa = XCSwiftPackageProductDependency;
			package = E19E880A281DE5A1000D5285 /* XCRemoteSwiftPackageReference "lottie-ios" */;
			productName = Lottie;
		};
/* End XCSwiftPackageProductDependency section */
	};
	rootObject = E19E877C281DD136000D5285 /* Project object */;
}
