// !$*UTF8*$!
{
	archiveVersion = 1;
	classes = {
	};
	objectVersion = 55;
	objects = {

/* Begin PBXBuildFile section */
		E19E8791281DD139000D5285 /* CheerioApp.swift in Sources */ = {isa = PBXBuildFile; fileRef = E19E8781281DD137000D5285 /* CheerioApp.swift */; };
		E19E8792281DD139000D5285 /* CheerioApp.swift in Sources */ = {isa = PBXBuildFile; fileRef = E19E8781281DD137000D5285 /* CheerioApp.swift */; };
		E19E8793281DD139000D5285 /* ContentView.swift in Sources */ = {isa = PBXBuildFile; fileRef = E19E8782281DD137000D5285 /* ContentView.swift */; };
		E19E8794281DD139000D5285 /* ContentView.swift in Sources */ = {isa = PBXBuildFile; fileRef = E19E8782281DD137000D5285 /* ContentView.swift */; };
		E19E8795281DD139000D5285 /* Assets.xcassets in Resources */ = {isa = PBXBuildFile; fileRef = E19E8783281DD139000D5285 /* Assets.xcassets */; };
		E19E8796281DD139000D5285 /* Assets.xcassets in Resources */ = {isa = PBXBuildFile; fileRef = E19E8783281DD139000D5285 /* Assets.xcassets */; };
		E19E87A5281DD8C9000D5285 /* TaskListView.swift in Sources */ = {isa = PBXBuildFile; fileRef = E19E87A4281DD8C9000D5285 /* TaskListView.swift */; };
		E19E87A7281DDA10000D5285 /* TaskListViewModel.swift in Sources */ = {isa = PBXBuildFile; fileRef = E19E87A6281DDA10000D5285 /* TaskListViewModel.swift */; };
		E19E87A9281DDA4B000D5285 /* TaskCellViewModel.swift in Sources */ = {isa = PBXBuildFile; fileRef = E19E87A8281DDA4B000D5285 /* TaskCellViewModel.swift */; };
		E19E87AB281DDA62000D5285 /* TaskModel.swift in Sources */ = {isa = PBXBuildFile; fileRef = E19E87AA281DDA62000D5285 /* TaskModel.swift */; };
/* End PBXBuildFile section */

/* Begin PBXFileReference section */
		E19E8781281DD137000D5285 /* CheerioApp.swift */ = {isa = PBXFileReference; lastKnownFileType = sourcecode.swift; path = CheerioApp.swift; sourceTree = "<group>"; };
		E19E8782281DD137000D5285 /* ContentView.swift */ = {isa = PBXFileReference; lastKnownFileType = sourcecode.swift; path = ContentView.swift; sourceTree = "<group>"; };
		E19E8783281DD139000D5285 /* Assets.xcassets */ = {isa = PBXFileReference; lastKnownFileType = folder.assetcatalog; path = Assets.xcassets; sourceTree = "<group>"; };
		E19E8788281DD139000D5285 /* Cheerio.app */ = {isa = PBXFileReference; explicitFileType = wrapper.application; includeInIndex = 0; path = Cheerio.app; sourceTree = BUILT_PRODUCTS_DIR; };
		E19E878E281DD139000D5285 /* Cheerio.app */ = {isa = PBXFileReference; explicitFileType = wrapper.application; includeInIndex = 0; path = Cheerio.app; sourceTree = BUILT_PRODUCTS_DIR; };
		E19E8790281DD139000D5285 /* macOS.entitlements */ = {isa = PBXFileReference; lastKnownFileType = text.plist.entitlements; path = macOS.entitlements; sourceTree = "<group>"; };
		E19E87A4281DD8C9000D5285 /* TaskListView.swift */ = {isa = PBXFileReference; lastKnownFileType = sourcecode.swift; path = TaskListView.swift; sourceTree = "<group>"; };
		E19E87A6281DDA10000D5285 /* TaskListViewModel.swift */ = {isa = PBXFileReference; lastKnownFileType = sourcecode.swift; path = TaskListViewModel.swift; sourceTree = "<group>"; };
		E19E87A8281DDA4B000D5285 /* TaskCellViewModel.swift */ = {isa = PBXFileReference; lastKnownFileType = sourcecode.swift; path = TaskCellViewModel.swift; sourceTree = "<group>"; };
		E19E87AA281DDA62000D5285 /* TaskModel.swift */ = {isa = PBXFileReference; lastKnownFileType = sourcecode.swift; path = TaskModel.swift; sourceTree = "<group>"; };
/* End PBXFileReference section */

/* Begin PBXFrameworksBuildPhase section */
		E19E8785281DD139000D5285 /* Frameworks */ = {
			isa = PBXFrameworksBuildPhase;
			buildActionMask = 2147483647;
			files = (
			);
			runOnlyForDeploymentPostprocessing = 0;
		};
		E19E878B281DD139000D5285 /* Frameworks */ = {
			isa = PBXFrameworksBuildPhase;
			buildActionMask = 2147483647;
			files = (
			);
			runOnlyForDeploymentPostprocessing = 0;
		};
/* End PBXFrameworksBuildPhase section */

/* Begin PBXGroup section */
		E19E877B281DD136000D5285 = {
			isa = PBXGroup;
			children = (
				E19E8780281DD137000D5285 /* Shared */,
				E19E878F281DD139000D5285 /* macOS */,
				E19E8789281DD139000D5285 /* Products */,
			);
			sourceTree = "<group>";
		};
		E19E8780281DD137000D5285 /* Shared */ = {
			isa = PBXGroup;
			children = (
				E19E8781281DD137000D5285 /* CheerioApp.swift */,
				E19E8782281DD137000D5285 /* ContentView.swift */,
				E19E879F281DD80E000D5285 /* Tasks */,
				E19E8783281DD139000D5285 /* Assets.xcassets */,
			);
			path = Shared;
			sourceTree = "<group>";
		};
		E19E8789281DD139000D5285 /* Products */ = {
			isa = PBXGroup;
			children = (
				E19E8788281DD139000D5285 /* Cheerio.app */,
				E19E878E281DD139000D5285 /* Cheerio.app */,
			);
			name = Products;
			sourceTree = "<group>";
		};
		E19E878F281DD139000D5285 /* macOS */ = {
			isa = PBXGroup;
			children = (
				E19E8790281DD139000D5285 /* macOS.entitlements */,
			);
			path = macOS;
			sourceTree = "<group>";
		};
		E19E879F281DD80E000D5285 /* Tasks */ = {
			isa = PBXGroup;
			children = (
				E19E87A1281DD81E000D5285 /* ViewModels */,
				E19E87A0281DD816000D5285 /* Models */,
				E19E87A3281DD82C000D5285 /* Views */,
			);
			path = Tasks;
			sourceTree = "<group>";
		};
		E19E87A0281DD816000D5285 /* Models */ = {
			isa = PBXGroup;
			children = (
				E19E87AA281DDA62000D5285 /* TaskModel.swift */,
			);
			path = Models;
			sourceTree = "<group>";
		};
		E19E87A1281DD81E000D5285 /* ViewModels */ = {
			isa = PBXGroup;
			children = (
				E19E87A6281DDA10000D5285 /* TaskListViewModel.swift */,
				E19E87A8281DDA4B000D5285 /* TaskCellViewModel.swift */,
			);
			path = ViewModels;
			sourceTree = "<group>";
		};
		E19E87A3281DD82C000D5285 /* Views */ = {
			isa = PBXGroup;
			children = (
				E19E87A4281DD8C9000D5285 /* TaskListView.swift */,
			);
			path = Views;
			sourceTree = "<group>";
		};
/* End PBXGroup section */

/* Begin PBXNativeTarget section */
		E19E8787281DD139000D5285 /* Cheerio (iOS) */ = {
			isa = PBXNativeTarget;
			buildConfigurationList = E19E8799281DD139000D5285 /* Build configuration list for PBXNativeTarget "Cheerio (iOS)" */;
			buildPhases = (
				E19E8784281DD139000D5285 /* Sources */,
				E19E8785281DD139000D5285 /* Frameworks */,
				E19E8786281DD139000D5285 /* Resources */,
			);
			buildRules = (
			);
			dependencies = (
			);
			name = "Cheerio (iOS)";
			productName = "Cheerio (iOS)";
			productReference = E19E8788281DD139000D5285 /* Cheerio.app */;
			productType = "com.apple.product-type.application";
		};
		E19E878D281DD139000D5285 /* Cheerio (macOS) */ = {
			isa = PBXNativeTarget;
			buildConfigurationList = E19E879C281DD139000D5285 /* Build configuration list for PBXNativeTarget "Cheerio (macOS)" */;
			buildPhases = (
				E19E878A281DD139000D5285 /* Sources */,
				E19E878B281DD139000D5285 /* Frameworks */,
				E19E878C281DD139000D5285 /* Resources */,
			);
			buildRules = (
			);
			dependencies = (
			);
			name = "Cheerio (macOS)";
			productName = "Cheerio (macOS)";
			productReference = E19E878E281DD139000D5285 /* Cheerio.app */;
			productType = "com.apple.product-type.application";
		};
/* End PBXNativeTarget section */

/* Begin PBXProject section */
		E19E877C281DD136000D5285 /* Project object */ = {
			isa = PBXProject;
			attributes = {
				BuildIndependentTargetsInParallel = 1;
				LastSwiftUpdateCheck = 1330;
				LastUpgradeCheck = 1330;
				TargetAttributes = {
					E19E8787281DD139000D5285 = {
						CreatedOnToolsVersion = 13.3.1;
					};
					E19E878D281DD139000D5285 = {
						CreatedOnToolsVersion = 13.3.1;
					};
				};
			};
			buildConfigurationList = E19E877F281DD136000D5285 /* Build configuration list for PBXProject "Cheerio" */;
			compatibilityVersion = "Xcode 13.0";
			developmentRegion = en;
			hasScannedForEncodings = 0;
			knownRegions = (
				en,
				Base,
			);
			mainGroup = E19E877B281DD136000D5285;
			productRefGroup = E19E8789281DD139000D5285 /* Products */;
			projectDirPath = "";
			projectRoot = "";
			targets = (
				E19E8787281DD139000D5285 /* Cheerio (iOS) */,
				E19E878D281DD139000D5285 /* Cheerio (macOS) */,
			);
		};
/* End PBXProject section */

/* Begin PBXResourcesBuildPhase section */
		E19E8786281DD139000D5285 /* Resources */ = {
			isa = PBXResourcesBuildPhase;
			buildActionMask = 2147483647;
			files = (
				E19E8795281DD139000D5285 /* Assets.xcassets in Resources */,
			);
			runOnlyForDeploymentPostprocessing = 0;
		};
		E19E878C281DD139000D5285 /* Resources */ = {
			isa = PBXResourcesBuildPhase;
			buildActionMask = 2147483647;
			files = (
				E19E8796281DD139000D5285 /* Assets.xcassets in Resources */,
			);
			runOnlyForDeploymentPostprocessing = 0;
		};
/* End PBXResourcesBuildPhase section */

/* Begin PBXSourcesBuildPhase section */
		E19E8784281DD139000D5285 /* Sources */ = {
			isa = PBXSourcesBuildPhase;
			buildActionMask = 2147483647;
			files = (
				E19E87AB281DDA62000D5285 /* TaskModel.swift in Sources */,
				E19E8793281DD139000D5285 /* ContentView.swift in Sources */,
				E19E87A7281DDA10000D5285 /* TaskListViewModel.swift in Sources */,
				E19E8791281DD139000D5285 /* CheerioApp.swift in Sources */,
				E19E87A5281DD8C9000D5285 /* TaskListView.swift in Sources */,
				E19E87A9281DDA4B000D5285 /* TaskCellViewModel.swift in Sources */,
			);
			runOnlyForDeploymentPostprocessing = 0;
		};
		E19E878A281DD139000D5285 /* Sources */ = {
			isa = PBXSourcesBuildPhase;
			buildActionMask = 2147483647;
			files = (
				E19E8794281DD139000D5285 /* ContentView.swift in Sources */,
				E19E8792281DD139000D5285 /* CheerioApp.swift in Sources */,
			);
			runOnlyForDeploymentPostprocessing = 0;
		};
/* End PBXSourcesBuildPhase section */

/* Begin XCBuildConfiguration section */
		E19E8797281DD139000D5285 /* Debug */ = {
			isa = XCBuildConfiguration;
			buildSettings = {
				ALWAYS_SEARCH_USER_PATHS = NO;
				CLANG_ANALYZER_NONNULL = YES;
				CLANG_ANALYZER_NUMBER_OBJECT_CONVERSION = YES_AGGRESSIVE;
				CLANG_CXX_LANGUAGE_STANDARD = "gnu++17";
				CLANG_ENABLE_MODULES = YES;
				CLANG_ENABLE_OBJC_ARC = YES;
				CLANG_ENABLE_OBJC_WEAK = YES;
				CLANG_WARN_BLOCK_CAPTURE_AUTORELEASING = YES;
				CLANG_WARN_BOOL_CONVERSION = YES;
				CLANG_WARN_COMMA = YES;
				CLANG_WARN_CONSTANT_CONVERSION = YES;
				CLANG_WARN_DEPRECATED_OBJC_IMPLEMENTATIONS = YES;
				CLANG_WARN_DIRECT_OBJC_ISA_USAGE = YES_ERROR;
				CLANG_WARN_DOCUMENTATION_COMMENTS = YES;
				CLANG_WARN_EMPTY_BODY = YES;
				CLANG_WARN_ENUM_CONVERSION = YES;
				CLANG_WARN_INFINITE_RECURSION = YES;
				CLANG_WARN_INT_CONVERSION = YES;
				CLANG_WARN_NON_LITERAL_NULL_CONVERSION = YES;
				CLANG_WARN_OBJC_IMPLICIT_RETAIN_SELF = YES;
				CLANG_WARN_OBJC_LITERAL_CONVERSION = YES;
				CLANG_WARN_OBJC_ROOT_CLASS = YES_ERROR;
				CLANG_WARN_QUOTED_INCLUDE_IN_FRAMEWORK_HEADER = YES;
				CLANG_WARN_RANGE_LOOP_ANALYSIS = YES;
				CLANG_WARN_STRICT_PROTOTYPES = YES;
				CLANG_WARN_SUSPICIOUS_MOVE = YES;
				CLANG_WARN_UNGUARDED_AVAILABILITY = YES_AGGRESSIVE;
				CLANG_WARN_UNREACHABLE_CODE = YES;
				CLANG_WARN__DUPLICATE_METHOD_MATCH = YES;
				COPY_PHASE_STRIP = NO;
				DEBUG_INFORMATION_FORMAT = dwarf;
				ENABLE_STRICT_OBJC_MSGSEND = YES;
				ENABLE_TESTABILITY = YES;
				GCC_C_LANGUAGE_STANDARD = gnu11;
				GCC_DYNAMIC_NO_PIC = NO;
				GCC_NO_COMMON_BLOCKS = YES;
				GCC_OPTIMIZATION_LEVEL = 0;
				GCC_PREPROCESSOR_DEFINITIONS = (
					"DEBUG=1",
					"$(inherited)",
				);
				GCC_WARN_64_TO_32_BIT_CONVERSION = YES;
				GCC_WARN_ABOUT_RETURN_TYPE = YES_ERROR;
				GCC_WARN_UNDECLARED_SELECTOR = YES;
				GCC_WARN_UNINITIALIZED_AUTOS = YES_AGGRESSIVE;
				GCC_WARN_UNUSED_FUNCTION = YES;
				GCC_WARN_UNUSED_VARIABLE = YES;
				MTL_ENABLE_DEBUG_INFO = INCLUDE_SOURCE;
				MTL_FAST_MATH = YES;
				ONLY_ACTIVE_ARCH = YES;
				SWIFT_ACTIVE_COMPILATION_CONDITIONS = DEBUG;
				SWIFT_OPTIMIZATION_LEVEL = "-Onone";
			};
			name = Debug;
		};
		E19E8798281DD139000D5285 /* Release */ = {
			isa = XCBuildConfiguration;
			buildSettings = {
				ALWAYS_SEARCH_USER_PATHS = NO;
				CLANG_ANALYZER_NONNULL = YES;
				CLANG_ANALYZER_NUMBER_OBJECT_CONVERSION = YES_AGGRESSIVE;
				CLANG_CXX_LANGUAGE_STANDARD = "gnu++17";
				CLANG_ENABLE_MODULES = YES;
				CLANG_ENABLE_OBJC_ARC = YES;
				CLANG_ENABLE_OBJC_WEAK = YES;
				CLANG_WARN_BLOCK_CAPTURE_AUTORELEASING = YES;
				CLANG_WARN_BOOL_CONVERSION = YES;
				CLANG_WARN_COMMA = YES;
				CLANG_WARN_CONSTANT_CONVERSION = YES;
				CLANG_WARN_DEPRECATED_OBJC_IMPLEMENTATIONS = YES;
				CLANG_WARN_DIRECT_OBJC_ISA_USAGE = YES_ERROR;
				CLANG_WARN_DOCUMENTATION_COMMENTS = YES;
				CLANG_WARN_EMPTY_BODY = YES;
				CLANG_WARN_ENUM_CONVERSION = YES;
				CLANG_WARN_INFINITE_RECURSION = YES;
				CLANG_WARN_INT_CONVERSION = YES;
				CLANG_WARN_NON_LITERAL_NULL_CONVERSION = YES;
				CLANG_WARN_OBJC_IMPLICIT_RETAIN_SELF = YES;
				CLANG_WARN_OBJC_LITERAL_CONVERSION = YES;
				CLANG_WARN_OBJC_ROOT_CLASS = YES_ERROR;
				CLANG_WARN_QUOTED_INCLUDE_IN_FRAMEWORK_HEADER = YES;
				CLANG_WARN_RANGE_LOOP_ANALYSIS = YES;
				CLANG_WARN_STRICT_PROTOTYPES = YES;
				CLANG_WARN_SUSPICIOUS_MOVE = YES;
				CLANG_WARN_UNGUARDED_AVAILABILITY = YES_AGGRESSIVE;
				CLANG_WARN_UNREACHABLE_CODE = YES;
				CLANG_WARN__DUPLICATE_METHOD_MATCH = YES;
				COPY_PHASE_STRIP = NO;
				DEBUG_INFORMATION_FORMAT = "dwarf-with-dsym";
				ENABLE_NS_ASSERTIONS = NO;
				ENABLE_STRICT_OBJC_MSGSEND = YES;
				GCC_C_LANGUAGE_STANDARD = gnu11;
				GCC_NO_COMMON_BLOCKS = YES;
				GCC_WARN_64_TO_32_BIT_CONVERSION = YES;
				GCC_WARN_ABOUT_RETURN_TYPE = YES_ERROR;
				GCC_WARN_UNDECLARED_SELECTOR = YES;
				GCC_WARN_UNINITIALIZED_AUTOS = YES_AGGRESSIVE;
				GCC_WARN_UNUSED_FUNCTION = YES;
				GCC_WARN_UNUSED_VARIABLE = YES;
				MTL_ENABLE_DEBUG_INFO = NO;
				MTL_FAST_MATH = YES;
				SWIFT_COMPILATION_MODE = wholemodule;
				SWIFT_OPTIMIZATION_LEVEL = "-O";
			};
			name = Release;
		};
		E19E879A281DD139000D5285 /* Debug */ = {
			isa = XCBuildConfiguration;
			buildSettings = {
				ASSETCATALOG_COMPILER_APPICON_NAME = AppIcon;
				ASSETCATALOG_COMPILER_GLOBAL_ACCENT_COLOR_NAME = AccentColor;
				CODE_SIGN_STYLE = Automatic;
				CURRENT_PROJECT_VERSION = 1;
				DEVELOPMENT_TEAM = 6B3Z2889MZ;
				ENABLE_PREVIEWS = YES;
				GENERATE_INFOPLIST_FILE = YES;
				INFOPLIST_KEY_UIApplicationSceneManifest_Generation = YES;
				INFOPLIST_KEY_UIApplicationSupportsIndirectInputEvents = YES;
				INFOPLIST_KEY_UILaunchScreen_Generation = YES;
				INFOPLIST_KEY_UISupportedInterfaceOrientations_iPad = "UIInterfaceOrientationPortrait UIInterfaceOrientationPortraitUpsideDown UIInterfaceOrientationLandscapeLeft UIInterfaceOrientationLandscapeRight";
				INFOPLIST_KEY_UISupportedInterfaceOrientations_iPhone = "UIInterfaceOrientationPortrait UIInterfaceOrientationLandscapeLeft UIInterfaceOrientationLandscapeRight";
				IPHONEOS_DEPLOYMENT_TARGET = 15.4;
				LD_RUNPATH_SEARCH_PATHS = (
					"$(inherited)",
					"@executable_path/Frameworks",
				);
				MARKETING_VERSION = 1.0;
				PRODUCT_BUNDLE_IDENTIFIER = com.Ravinlabsdev.Cheerio;
				PRODUCT_NAME = Cheerio;
				SDKROOT = iphoneos;
				SWIFT_EMIT_LOC_STRINGS = YES;
				SWIFT_VERSION = 5.0;
				TARGETED_DEVICE_FAMILY = "1,2";
			};
			name = Debug;
		};
		E19E879B281DD139000D5285 /* Release */ = {
			isa = XCBuildConfiguration;
			buildSettings = {
				ASSETCATALOG_COMPILER_APPICON_NAME = AppIcon;
				ASSETCATALOG_COMPILER_GLOBAL_ACCENT_COLOR_NAME = AccentColor;
				CODE_SIGN_STYLE = Automatic;
				CURRENT_PROJECT_VERSION = 1;
				DEVELOPMENT_TEAM = 6B3Z2889MZ;
				ENABLE_PREVIEWS = YES;
				GENERATE_INFOPLIST_FILE = YES;
				INFOPLIST_KEY_UIApplicationSceneManifest_Generation = YES;
				INFOPLIST_KEY_UIApplicationSupportsIndirectInputEvents = YES;
				INFOPLIST_KEY_UILaunchScreen_Generation = YES;
				INFOPLIST_KEY_UISupportedInterfaceOrientations_iPad = "UIInterfaceOrientationPortrait UIInterfaceOrientationPortraitUpsideDown UIInterfaceOrientationLandscapeLeft UIInterfaceOrientationLandscapeRight";
				INFOPLIST_KEY_UISupportedInterfaceOrientations_iPhone = "UIInterfaceOrientationPortrait UIInterfaceOrientationLandscapeLeft UIInterfaceOrientationLandscapeRight";
				IPHONEOS_DEPLOYMENT_TARGET = 15.4;
				LD_RUNPATH_SEARCH_PATHS = (
					"$(inherited)",
					"@executable_path/Frameworks",
				);
				MARKETING_VERSION = 1.0;
				PRODUCT_BUNDLE_IDENTIFIER = com.Ravinlabsdev.Cheerio;
				PRODUCT_NAME = Cheerio;
				SDKROOT = iphoneos;
				SWIFT_EMIT_LOC_STRINGS = YES;
				SWIFT_VERSION = 5.0;
				TARGETED_DEVICE_FAMILY = "1,2";
				VALIDATE_PRODUCT = YES;
			};
			name = Release;
		};
		E19E879D281DD139000D5285 /* Debug */ = {
			isa = XCBuildConfiguration;
			buildSettings = {
				ASSETCATALOG_COMPILER_APPICON_NAME = AppIcon;
				ASSETCATALOG_COMPILER_GLOBAL_ACCENT_COLOR_NAME = AccentColor;
				CODE_SIGN_ENTITLEMENTS = macOS/macOS.entitlements;
				CODE_SIGN_STYLE = Automatic;
				COMBINE_HIDPI_IMAGES = YES;
				CURRENT_PROJECT_VERSION = 1;
				DEVELOPMENT_TEAM = 6B3Z2889MZ;
				ENABLE_HARDENED_RUNTIME = YES;
				ENABLE_PREVIEWS = YES;
				GENERATE_INFOPLIST_FILE = YES;
				INFOPLIST_KEY_NSHumanReadableCopyright = "";
				LD_RUNPATH_SEARCH_PATHS = (
					"$(inherited)",
					"@executable_path/../Frameworks",
				);
				MACOSX_DEPLOYMENT_TARGET = 12.3;
				MARKETING_VERSION = 1.0;
				PRODUCT_BUNDLE_IDENTIFIER = com.Ravinlabsdev.Cheerio;
				PRODUCT_NAME = Cheerio;
				SDKROOT = macosx;
				SWIFT_EMIT_LOC_STRINGS = YES;
				SWIFT_VERSION = 5.0;
			};
			name = Debug;
		};
		E19E879E281DD139000D5285 /* Release */ = {
			isa = XCBuildConfiguration;
			buildSettings = {
				ASSETCATALOG_COMPILER_APPICON_NAME = AppIcon;
				ASSETCATALOG_COMPILER_GLOBAL_ACCENT_COLOR_NAME = AccentColor;
				CODE_SIGN_ENTITLEMENTS = macOS/macOS.entitlements;
				CODE_SIGN_STYLE = Automatic;
				COMBINE_HIDPI_IMAGES = YES;
				CURRENT_PROJECT_VERSION = 1;
				DEVELOPMENT_TEAM = 6B3Z2889MZ;
				ENABLE_HARDENED_RUNTIME = YES;
				ENABLE_PREVIEWS = YES;
				GENERATE_INFOPLIST_FILE = YES;
				INFOPLIST_KEY_NSHumanReadableCopyright = "";
				LD_RUNPATH_SEARCH_PATHS = (
					"$(inherited)",
					"@executable_path/../Frameworks",
				);
				MACOSX_DEPLOYMENT_TARGET = 12.3;
				MARKETING_VERSION = 1.0;
				PRODUCT_BUNDLE_IDENTIFIER = com.Ravinlabsdev.Cheerio;
				PRODUCT_NAME = Cheerio;
				SDKROOT = macosx;
				SWIFT_EMIT_LOC_STRINGS = YES;
				SWIFT_VERSION = 5.0;
			};
			name = Release;
		};
/* End XCBuildConfiguration section */

/* Begin XCConfigurationList section */
		E19E877F281DD136000D5285 /* Build configuration list for PBXProject "Cheerio" */ = {
			isa = XCConfigurationList;
			buildConfigurations = (
				E19E8797281DD139000D5285 /* Debug */,
				E19E8798281DD139000D5285 /* Release */,
			);
			defaultConfigurationIsVisible = 0;
			defaultConfigurationName = Release;
		};
		E19E8799281DD139000D5285 /* Build configuration list for PBXNativeTarget "Cheerio (iOS)" */ = {
			isa = XCConfigurationList;
			buildConfigurations = (
				E19E879A281DD139000D5285 /* Debug */,
				E19E879B281DD139000D5285 /* Release */,
			);
			defaultConfigurationIsVisible = 0;
			defaultConfigurationName = Release;
		};
		E19E879C281DD139000D5285 /* Build configuration list for PBXNativeTarget "Cheerio (macOS)" */ = {
			isa = XCConfigurationList;
			buildConfigurations = (
				E19E879D281DD139000D5285 /* Debug */,
				E19E879E281DD139000D5285 /* Release */,
			);
			defaultConfigurationIsVisible = 0;
			defaultConfigurationName = Release;
		};
/* End XCConfigurationList section */
	};
	rootObject = E19E877C281DD136000D5285 /* Project object */;
}
